<?xml version="1.0" encoding="UTF-8" standalone="yes" ?>
<CodeBlocks_project_file>
	<FileVersion major="1" minor="6" />
	<Project>
		<Option title="fenix" />
		<Option pch_mode="2" />
		<Option compiler="gcc" />
		<Build>
			<Target title="Debug">
				<Option output="bin/Debug/fenix" prefix_auto="1" extension_auto="1" />
				<Option object_output="obj/Debug/" />
				<Option type="1" />
				<Option compiler="gcc" />
				<Compiler>
					<Add option="-g" />
				</Compiler>
				<Linker>
					<Add library="D:/Program Files (x86)/CodeBlocks/MinGW/lib/liballeg.a" />
					<Add library="D:/Program Files (x86)/CodeBlocks/MinGW/lib/liballeg_s.a" />
				</Linker>
			</Target>
			<Target title="Release">
				<Option output="bin/Release/fenix" prefix_auto="1" extension_auto="1" />
				<Option object_output="obj/Release/" />
				<Option type="1" />
				<Option compiler="gcc" />
				<Compiler>
					<Add option="-O2" />
				</Compiler>
				<Linker>
					<Add option="-s" />
				</Linker>
			</Target>
		</Build>
		<Compiler>
			<Add option="-Wall" />
			<Add option="-fexceptions" />
		</Compiler>
		<Unit filename="Animation/Animation.h" />
		<Unit filename="Animation/SpriteAnimationSequence.cpp" />
		<Unit filename="Animation/SpriteAnimationSequence.h" />
		<Unit filename="BasicClasses.h" />
		<Unit filename="Components/BindAction.cpp" />
		<Unit filename="Components/BindAction.h" />
		<Unit filename="Composition/Layer.cpp" />
		<Unit filename="Composition/Layer.h" />
		<Unit filename="Composition/Scene.cpp" />
		<Unit filename="Composition/Scene.h" />
		<Unit filename="Engine/Engine.h" />
		<Unit filename="Objects/Objects.h" />
		<Unit filename="Palette/Color.cpp" />
		<Unit filename="Palette/Color.h" />
		<Unit filename="Variables/Static_Variables.h" />
		<Unit filename="Variables/Structures.cpp" />
		<Unit filename="Variables/Structures.h" />
		<Unit filename="default.bmp" />
		<Unit filename="main.cpp" />
		<Extensions>
			<code_completion />
			<envvars />
			<debugger />
			<lib_finder disable_auto="1" />
		</Extensions>
	</Project>
</CodeBlocks_project_file>
